// !$*UTF8*$!
{
	archiveVersion = 1;
	classes = {
	};
	objectVersion = 56;
	objects = {

/* Begin PBXBuildFile section */
		8A1B2C3D0001000000000001 /* MobCrewApp.swift in Sources */ = {isa = PBXBuildFile; fileRef = 8A1B2C3D0002000000000001 /* MobCrewApp.swift */; };
		8A1B2C3D0001000000000002 /* ContentView.swift in Sources */ = {isa = PBXBuildFile; fileRef = 8A1B2C3D0002000000000002 /* ContentView.swift */; };
		8A1B2C3D0001000000000003 /* Assets.xcassets in Resources */ = {isa = PBXBuildFile; fileRef = 8A1B2C3D0002000000000003 /* Assets.xcassets */; };
		8A1B2C3D0001000000000004 /* MobCrewTests.swift in Sources */ = {isa = PBXBuildFile; fileRef = 8A1B2C3D0002000000000004 /* MobCrewTests.swift */; };
		8A1B2C3D0001000000000030 /* TestHelpers.swift in Sources */ = {isa = PBXBuildFile; fileRef = 8A1B2C3D0002000000000030 /* TestHelpers.swift */; };
		8A1B2C3D0001000000000010 /* AppDelegate.swift in Sources */ = {isa = PBXBuildFile; fileRef = 8A1B2C3D0002000000000010 /* AppDelegate.swift */; };
		8A1B2C3D0001000000000020 /* Mobster.swift in Sources */ = {isa = PBXBuildFile; fileRef = 8A1B2C3D0002000000000020 /* Mobster.swift */; };
		8A1B2C3D0001000000000021 /* Roster.swift in Sources */ = {isa = PBXBuildFile; fileRef = 8A1B2C3D0002000000000021 /* Roster.swift */; };
		8A1B2C3D0001000000000022 /* TimerState.swift in Sources */ = {isa = PBXBuildFile; fileRef = 8A1B2C3D0002000000000022 /* TimerState.swift */; };
		8A1B2C3D0001000000000100 /* TimerEngine.swift in Sources */ = {isa = PBXBuildFile; fileRef = 8A1B2C3D0002000000000100 /* TimerEngine.swift */; };
		8A1B2C3D0001000000000101 /* TimerEngineTests.swift in Sources */ = {isa = PBXBuildFile; fileRef = 8A1B2C3D0002000000000101 /* TimerEngineTests.swift */; };
		8A1B2C3D0001000000000102 /* FloatingTimerWindow.swift in Sources */ = {isa = PBXBuildFile; fileRef = 8A1B2C3D0002000000000102 /* FloatingTimerWindow.swift */; };
		8A1B2C3D0001000000000103 /* FloatingTimerView.swift in Sources */ = {isa = PBXBuildFile; fileRef = 8A1B2C3D0002000000000103 /* FloatingTimerView.swift */; };
		8A1B2C3D0001000000000104 /* FloatingTimerController.swift in Sources */ = {isa = PBXBuildFile; fileRef = 8A1B2C3D0002000000000104 /* FloatingTimerController.swift */; };
		8A1B2C3D0001000000000105 /* MenuBarView.swift in Sources */ = {isa = PBXBuildFile; fileRef = 8A1B2C3D0002000000000105 /* MenuBarView.swift */; };
		8A1B2C3D0001000000000106 /* RosterView.swift in Sources */ = {isa = PBXBuildFile; fileRef = 8A1B2C3D0002000000000106 /* RosterView.swift */; };
		8A1B2C3D0001000000000107 /* MobsterRow.swift in Sources */ = {isa = PBXBuildFile; fileRef = 8A1B2C3D0002000000000107 /* MobsterRow.swift */; };
		8A1B2C3D0001000000000108 /* PersistenceService.swift in Sources */ = {isa = PBXBuildFile; fileRef = 8A1B2C3D0002000000000108 /* PersistenceService.swift */; };
		8A1B2C3D0001000000000109 /* PersistenceServiceTests.swift in Sources */ = {isa = PBXBuildFile; fileRef = 8A1B2C3D0002000000000109 /* PersistenceServiceTests.swift */; };
		8A1B2C3D0001000000000110 /* AppState.swift in Sources */ = {isa = PBXBuildFile; fileRef = 8A1B2C3D0002000000000110 /* AppState.swift */; };
		8A1B2C3D0001000000000111 /* RosterTests.swift in Sources */ = {isa = PBXBuildFile; fileRef = 8A1B2C3D0002000000000111 /* RosterTests.swift */; };
		8A1B2C3D0001000000000112 /* AppStateTests.swift in Sources */ = {isa = PBXBuildFile; fileRef = 8A1B2C3D0002000000000112 /* AppStateTests.swift */; };
/* End PBXBuildFile section */

/* Begin PBXContainerItemProxy section */
		8A1B2C3D0003000000000001 /* PBXContainerItemProxy */ = {
			isa = PBXContainerItemProxy;
			containerPortal = 8A1B2C3D0004000000000001 /* Project object */;
			proxyType = 1;
			remoteGlobalIDString = 8A1B2C3D0005000000000001;
			remoteInfo = MobCrew;
		};
/* End PBXContainerItemProxy section */

/* Begin PBXFileReference section */
		8A1B2C3D0002000000000001 /* MobCrewApp.swift */ = {isa = PBXFileReference; lastKnownFileType = sourcecode.swift; path = MobCrewApp.swift; sourceTree = "<group>"; };
		8A1B2C3D0002000000000002 /* ContentView.swift */ = {isa = PBXFileReference; lastKnownFileType = sourcecode.swift; path = ContentView.swift; sourceTree = "<group>"; };
		8A1B2C3D0002000000000003 /* Assets.xcassets */ = {isa = PBXFileReference; lastKnownFileType = folder.assetcatalog; path = Assets.xcassets; sourceTree = "<group>"; };
		8A1B2C3D0002000000000004 /* MobCrewTests.swift */ = {isa = PBXFileReference; lastKnownFileType = sourcecode.swift; path = MobCrewTests.swift; sourceTree = "<group>"; };
		8A1B2C3D0002000000000005 /* MobCrew.app */ = {isa = PBXFileReference; explicitFileType = wrapper.application; includeInIndex = 0; path = MobCrew.app; sourceTree = BUILT_PRODUCTS_DIR; };
		8A1B2C3D0002000000000006 /* MobCrewTests.xctest */ = {isa = PBXFileReference; explicitFileType = wrapper.cfbundle; includeInIndex = 0; path = MobCrewTests.xctest; sourceTree = BUILT_PRODUCTS_DIR; };
		8A1B2C3D0002000000000007 /* MobCrew.entitlements */ = {isa = PBXFileReference; lastKnownFileType = text.plist.entitlements; path = MobCrew.entitlements; sourceTree = "<group>"; };
		8A1B2C3D0002000000000010 /* AppDelegate.swift */ = {isa = PBXFileReference; lastKnownFileType = sourcecode.swift; path = AppDelegate.swift; sourceTree = "<group>"; };
		8A1B2C3D0002000000000020 /* Mobster.swift */ = {isa = PBXFileReference; lastKnownFileType = sourcecode.swift; path = Mobster.swift; sourceTree = "<group>"; };
		8A1B2C3D0002000000000021 /* Roster.swift */ = {isa = PBXFileReference; lastKnownFileType = sourcecode.swift; path = Roster.swift; sourceTree = "<group>"; };
		8A1B2C3D0002000000000022 /* TimerState.swift */ = {isa = PBXFileReference; lastKnownFileType = sourcecode.swift; path = TimerState.swift; sourceTree = "<group>"; };
		8A1B2C3D0002000000000030 /* TestHelpers.swift */ = {isa = PBXFileReference; lastKnownFileType = sourcecode.swift; path = TestHelpers.swift; sourceTree = "<group>"; };
		8A1B2C3D0002000000000100 /* TimerEngine.swift */ = {isa = PBXFileReference; lastKnownFileType = sourcecode.swift; path = TimerEngine.swift; sourceTree = "<group>"; };
		8A1B2C3D0002000000000101 /* TimerEngineTests.swift */ = {isa = PBXFileReference; lastKnownFileType = sourcecode.swift; path = TimerEngineTests.swift; sourceTree = "<group>"; };
		8A1B2C3D0002000000000102 /* FloatingTimerWindow.swift */ = {isa = PBXFileReference; lastKnownFileType = sourcecode.swift; path = FloatingTimerWindow.swift; sourceTree = "<group>"; };
		8A1B2C3D0002000000000103 /* FloatingTimerView.swift */ = {isa = PBXFileReference; lastKnownFileType = sourcecode.swift; path = FloatingTimerView.swift; sourceTree = "<group>"; };
		8A1B2C3D0002000000000104 /* FloatingTimerController.swift */ = {isa = PBXFileReference; lastKnownFileType = sourcecode.swift; path = FloatingTimerController.swift; sourceTree = "<group>"; };
		8A1B2C3D0002000000000105 /* MenuBarView.swift */ = {isa = PBXFileReference; lastKnownFileType = sourcecode.swift; path = MenuBarView.swift; sourceTree = "<group>"; };
		8A1B2C3D0002000000000106 /* RosterView.swift */ = {isa = PBXFileReference; lastKnownFileType = sourcecode.swift; path = RosterView.swift; sourceTree = "<group>"; };
		8A1B2C3D0002000000000107 /* MobsterRow.swift */ = {isa = PBXFileReference; lastKnownFileType = sourcecode.swift; path = MobsterRow.swift; sourceTree = "<group>"; };
		8A1B2C3D0002000000000108 /* PersistenceService.swift */ = {isa = PBXFileReference; lastKnownFileType = sourcecode.swift; path = PersistenceService.swift; sourceTree = "<group>"; };
		8A1B2C3D0002000000000109 /* PersistenceServiceTests.swift */ = {isa = PBXFileReference; lastKnownFileType = sourcecode.swift; path = PersistenceServiceTests.swift; sourceTree = "<group>"; };
		8A1B2C3D0002000000000110 /* AppState.swift */ = {isa = PBXFileReference; lastKnownFileType = sourcecode.swift; path = AppState.swift; sourceTree = "<group>"; };
		8A1B2C3D0002000000000111 /* RosterTests.swift */ = {isa = PBXFileReference; lastKnownFileType = sourcecode.swift; path = RosterTests.swift; sourceTree = "<group>"; };
		8A1B2C3D0002000000000112 /* AppStateTests.swift */ = {isa = PBXFileReference; lastKnownFileType = sourcecode.swift; path = AppStateTests.swift; sourceTree = "<group>"; };
/* End PBXFileReference section */

/* Begin PBXFrameworksBuildPhase section */
		8A1B2C3D0006000000000001 /* Frameworks */ = {
			isa = PBXFrameworksBuildPhase;
			buildActionMask = 2147483647;
			files = (
			);
			runOnlyForDeploymentPostprocessing = 0;
		};
		8A1B2C3D0006000000000002 /* Frameworks */ = {
			isa = PBXFrameworksBuildPhase;
			buildActionMask = 2147483647;
			files = (
			);
			runOnlyForDeploymentPostprocessing = 0;
		};
/* End PBXFrameworksBuildPhase section */

/* Begin PBXGroup section */
		8A1B2C3D0007000000000001 = {
			isa = PBXGroup;
			children = (
				8A1B2C3D0007000000000002 /* MobCrew */,
				8A1B2C3D0007000000000003 /* MobCrewTests */,
				8A1B2C3D0007000000000004 /* Products */,
			);
			sourceTree = "<group>";
		};
		8A1B2C3D0007000000000002 /* MobCrew */ = {
			isa = PBXGroup;
			children = (
				8A1B2C3D0007000000000010 /* App */,
				8A1B2C3D0007000000000020 /* Core */,
				8A1B2C3D0007000000000030 /* Features */,
				8A1B2C3D0007000000000040 /* Helpers */,
				8A1B2C3D0007000000000050 /* Resources */,
				8A1B2C3D0002000000000002 /* ContentView.swift */,
				8A1B2C3D0002000000000007 /* MobCrew.entitlements */,
			);
			path = MobCrew;
			sourceTree = "<group>";
		};
		8A1B2C3D0007000000000003 /* MobCrewTests */ = {
			isa = PBXGroup;
			children = (
				8A1B2C3D0007000000000060 /* Core */,
				8A1B2C3D0007000000000061 /* Helpers */,
				8A1B2C3D0002000000000004 /* MobCrewTests.swift */,
			);
			path = MobCrewTests;
			sourceTree = "<group>";
		};
		8A1B2C3D0007000000000060 /* Core */ = {
			isa = PBXGroup;
			children = (
				8A1B2C3D0002000000000112 /* AppStateTests.swift */,
				8A1B2C3D0007000000000062 /* Models */,
				8A1B2C3D0007000000000063 /* Services */,
			);
			path = Core;
			sourceTree = "<group>";
		};
		8A1B2C3D0007000000000063 /* Services */ = {
			isa = PBXGroup;
			children = (
				8A1B2C3D0002000000000101 /* TimerEngineTests.swift */,
				8A1B2C3D0002000000000109 /* PersistenceServiceTests.swift */,
			);
			path = Services;
			sourceTree = "<group>";
		};
		8A1B2C3D0007000000000061 /* Helpers */ = {
			isa = PBXGroup;
			children = (
				8A1B2C3D0002000000000030 /* TestHelpers.swift */,
			);
			path = Helpers;
			sourceTree = "<group>";
		};
		8A1B2C3D0007000000000062 /* Models */ = {
			isa = PBXGroup;
			children = (
				8A1B2C3D0002000000000111 /* RosterTests.swift */,
			);
			path = Models;
			sourceTree = "<group>";
		};
		8A1B2C3D0007000000000004 /* Products */ = {
			isa = PBXGroup;
			children = (
				8A1B2C3D0002000000000005 /* MobCrew.app */,
				8A1B2C3D0002000000000006 /* MobCrewTests.xctest */,
			);
			name = Products;
			sourceTree = "<group>";
		};
		8A1B2C3D0007000000000010 /* App */ = {
			isa = PBXGroup;
			children = (
				8A1B2C3D0002000000000001 /* MobCrewApp.swift */,
				8A1B2C3D0002000000000010 /* AppDelegate.swift */,
			);
			path = App;
			sourceTree = "<group>";
		};
		8A1B2C3D0007000000000020 /* Core */ = {
			isa = PBXGroup;
			children = (
				8A1B2C3D0002000000000110 /* AppState.swift */,
				8A1B2C3D0007000000000021 /* Models */,
				8A1B2C3D0007000000000022 /* Services */,
			);
			path = Core;
			sourceTree = "<group>";
		};
		8A1B2C3D0007000000000021 /* Models */ = {
			isa = PBXGroup;
			children = (
				8A1B2C3D0002000000000020 /* Mobster.swift */,
				8A1B2C3D0002000000000021 /* Roster.swift */,
				8A1B2C3D0002000000000022 /* TimerState.swift */,
			);
			path = Models;
			sourceTree = "<group>";
		};
		8A1B2C3D0007000000000022 /* Services */ = {
			isa = PBXGroup;
			children = (
				8A1B2C3D0002000000000100 /* TimerEngine.swift */,
				8A1B2C3D0002000000000108 /* PersistenceService.swift */,
			);
			path = Services;
			sourceTree = "<group>";
		};
		8A1B2C3D0007000000000030 /* Features */ = {
			isa = PBXGroup;
			children = (
				8A1B2C3D0007000000000031 /* FloatingTimer */,
				8A1B2C3D0007000000000032 /* MenuBar */,
				8A1B2C3D0007000000000033 /* Roster */,
				8A1B2C3D0007000000000034 /* Settings */,
			);
			path = Features;
			sourceTree = "<group>";
		};
		8A1B2C3D0007000000000031 /* FloatingTimer */ = {
			isa = PBXGroup;
			children = (
				8A1B2C3D0002000000000102 /* FloatingTimerWindow.swift */,
				8A1B2C3D0002000000000103 /* FloatingTimerView.swift */,
				8A1B2C3D0002000000000104 /* FloatingTimerController.swift */,
			);
			path = FloatingTimer;
			sourceTree = "<group>";
		};
		8A1B2C3D0007000000000032 /* MenuBar */ = {
			isa = PBXGroup;
			children = (
				8A1B2C3D0002000000000105 /* MenuBarView.swift */,
			);
			path = MenuBar;
			sourceTree = "<group>";
		};
		8A1B2C3D0007000000000033 /* Roster */ = {
			isa = PBXGroup;
			children = (
				8A1B2C3D0002000000000106 /* RosterView.swift */,
				8A1B2C3D0002000000000107 /* MobsterRow.swift */,
			);
			path = Roster;
			sourceTree = "<group>";
		};
		8A1B2C3D0007000000000034 /* Settings */ = {
			isa = PBXGroup;
			children = (
			);
			path = Settings;
			sourceTree = "<group>";
		};
		8A1B2C3D0007000000000040 /* Helpers */ = {
			isa = PBXGroup;
			children = (
				8A1B2C3D0007000000000041 /* Extensions */,
			);
			path = Helpers;
			sourceTree = "<group>";
		};
		8A1B2C3D0007000000000041 /* Extensions */ = {
			isa = PBXGroup;
			children = (
			);
			path = Extensions;
			sourceTree = "<group>";
		};
		8A1B2C3D0007000000000050 /* Resources */ = {
			isa = PBXGroup;
			children = (
				8A1B2C3D0002000000000003 /* Assets.xcassets */,
			);
			path = Resources;
			sourceTree = "<group>";
		};
/* End PBXGroup section */

/* Begin PBXNativeTarget section */
		8A1B2C3D0005000000000001 /* MobCrew */ = {
			isa = PBXNativeTarget;
			buildConfigurationList = 8A1B2C3D0008000000000001 /* Build configuration list for PBXNativeTarget "MobCrew" */;
			buildPhases = (
				8A1B2C3D0009000000000001 /* Sources */,
				8A1B2C3D0006000000000001 /* Frameworks */,
				8A1B2C3D000A000000000001 /* Resources */,
			);
			buildRules = (
			);
			dependencies = (
			);
			name = MobCrew;
			productName = MobCrew;
			productReference = 8A1B2C3D0002000000000005 /* MobCrew.app */;
			productType = "com.apple.product-type.application";
		};
		8A1B2C3D0005000000000002 /* MobCrewTests */ = {
			isa = PBXNativeTarget;
			buildConfigurationList = 8A1B2C3D0008000000000002 /* Build configuration list for PBXNativeTarget "MobCrewTests" */;
			buildPhases = (
				8A1B2C3D0009000000000002 /* Sources */,
				8A1B2C3D0006000000000002 /* Frameworks */,
			);
			buildRules = (
			);
			dependencies = (
				8A1B2C3D000B000000000001 /* PBXTargetDependency */,
			);
			name = MobCrewTests;
			productName = MobCrewTests;
			productReference = 8A1B2C3D0002000000000006 /* MobCrewTests.xctest */;
			productType = "com.apple.product-type.bundle.unit-test";
		};
/* End PBXNativeTarget section */

/* Begin PBXProject section */
		8A1B2C3D0004000000000001 /* Project object */ = {
			isa = PBXProject;
			attributes = {
				BuildIndependentTargetsInParallel = 1;
				LastSwiftUpdateCheck = 1540;
				LastUpgradeCheck = 1540;
				TargetAttributes = {
					8A1B2C3D0005000000000001 = {
						CreatedOnToolsVersion = 15.4;
					};
					8A1B2C3D0005000000000002 = {
						CreatedOnToolsVersion = 15.4;
						TestTargetID = 8A1B2C3D0005000000000001;
					};
				};
			};
			buildConfigurationList = 8A1B2C3D0008000000000003 /* Build configuration list for PBXProject "MobCrew" */;
			compatibilityVersion = "Xcode 14.0";
			developmentRegion = en;
			hasScannedForEncodings = 0;
			knownRegions = (
				en,
				Base,
			);
			mainGroup = 8A1B2C3D0007000000000001;
			productRefGroup = 8A1B2C3D0007000000000004 /* Products */;
			projectDirPath = "";
			projectRoot = "";
			targets = (
				8A1B2C3D0005000000000001 /* MobCrew */,
				8A1B2C3D0005000000000002 /* MobCrewTests */,
			);
		};
/* End PBXProject section */

/* Begin PBXResourcesBuildPhase section */
		8A1B2C3D000A000000000001 /* Resources */ = {
			isa = PBXResourcesBuildPhase;
			buildActionMask = 2147483647;
			files = (
				8A1B2C3D0001000000000003 /* Assets.xcassets in Resources */,
			);
			runOnlyForDeploymentPostprocessing = 0;
		};
/* End PBXResourcesBuildPhase section */

/* Begin PBXSourcesBuildPhase section */
		8A1B2C3D0009000000000001 /* Sources */ = {
			isa = PBXSourcesBuildPhase;
			buildActionMask = 2147483647;
			files = (
				8A1B2C3D0001000000000001 /* MobCrewApp.swift in Sources */,
				8A1B2C3D0001000000000010 /* AppDelegate.swift in Sources */,
				8A1B2C3D0001000000000002 /* ContentView.swift in Sources */,
				8A1B2C3D0001000000000020 /* Mobster.swift in Sources */,
				8A1B2C3D0001000000000021 /* Roster.swift in Sources */,
				8A1B2C3D0001000000000022 /* TimerState.swift in Sources */,
				8A1B2C3D0001000000000100 /* TimerEngine.swift in Sources */,
				8A1B2C3D0001000000000102 /* FloatingTimerWindow.swift in Sources */,
				8A1B2C3D0001000000000103 /* FloatingTimerView.swift in Sources */,
				8A1B2C3D0001000000000104 /* FloatingTimerController.swift in Sources */,
				8A1B2C3D0001000000000105 /* MenuBarView.swift in Sources */,
				8A1B2C3D0001000000000106 /* RosterView.swift in Sources */,
				8A1B2C3D0001000000000107 /* MobsterRow.swift in Sources */,
				8A1B2C3D0001000000000108 /* PersistenceService.swift in Sources */,
				8A1B2C3D0001000000000110 /* AppState.swift in Sources */,
			);
			runOnlyForDeploymentPostprocessing = 0;
		};
		8A1B2C3D0009000000000002 /* Sources */ = {
			isa = PBXSourcesBuildPhase;
			buildActionMask = 2147483647;
			files = (
				8A1B2C3D0001000000000004 /* MobCrewTests.swift in Sources */,
				8A1B2C3D0001000000000030 /* TestHelpers.swift in Sources */,
				8A1B2C3D0001000000000101 /* TimerEngineTests.swift in Sources */,
				8A1B2C3D0001000000000109 /* PersistenceServiceTests.swift in Sources */,
				8A1B2C3D0001000000000111 /* RosterTests.swift in Sources */,
				8A1B2C3D0001000000000112 /* AppStateTests.swift in Sources */,
			);
			runOnlyForDeploymentPostprocessing = 0;
		};
/* End PBXSourcesBuildPhase section */

/* Begin PBXTargetDependency section */
		8A1B2C3D000B000000000001 /* PBXTargetDependency */ = {
			isa = PBXTargetDependency;
			target = 8A1B2C3D0005000000000001 /* MobCrew */;
			targetProxy = 8A1B2C3D0003000000000001 /* PBXContainerItemProxy */;
		};
/* End PBXTargetDependency section */

/* Begin XCBuildConfiguration section */
		8A1B2C3D000C000000000001 /* Debug */ = {
			isa = XCBuildConfiguration;
			buildSettings = {
				ALWAYS_SEARCH_USER_PATHS = NO;
				ASSETCATALOG_COMPILER_GENERATE_SWIFT_ASSET_SYMBOL_EXTENSIONS = YES;
				CLANG_ANALYZER_NONNULL = YES;
				CLANG_ANALYZER_NUMBER_OBJECT_CONVERSION = YES_AGGRESSIVE;
				CLANG_CXX_LANGUAGE_STANDARD = "gnu++20";
				CLANG_ENABLE_MODULES = YES;
				CLANG_ENABLE_OBJC_ARC = YES;
				CLANG_ENABLE_OBJC_WEAK = YES;
				CLANG_WARN_BLOCK_CAPTURE_AUTORELEASING = YES;
				CLANG_WARN_BOOL_CONVERSION = YES;
				CLANG_WARN_COMMA = YES;
				CLANG_WARN_CONSTANT_CONVERSION = YES;
				CLANG_WARN_DEPRECATED_OBJC_IMPLEMENTATIONS = YES;
				CLANG_WARN_DIRECT_OBJC_ISA_USAGE = YES_ERROR;
				CLANG_WARN_DOCUMENTATION_COMMENTS = YES;
				CLANG_WARN_EMPTY_BODY = YES;
				CLANG_WARN_ENUM_CONVERSION = YES;
				CLANG_WARN_INFINITE_RECURSION = YES;
				CLANG_WARN_INT_CONVERSION = YES;
				CLANG_WARN_NON_LITERAL_NULL_CONVERSION = YES;
				CLANG_WARN_OBJC_IMPLICIT_RETAIN_SELF = YES;
				CLANG_WARN_OBJC_LITERAL_CONVERSION = YES;
				CLANG_WARN_OBJC_ROOT_CLASS = YES_ERROR;
				CLANG_WARN_QUOTED_INCLUDE_IN_FRAMEWORK_HEADER = YES;
				CLANG_WARN_RANGE_LOOP_ANALYSIS = YES;
				CLANG_WARN_STRICT_PROTOTYPES = YES;
				CLANG_WARN_SUSPICIOUS_MOVE = YES;
				CLANG_WARN_UNGUARDED_AVAILABILITY = YES_AGGRESSIVE;
				CLANG_WARN_UNREACHABLE_CODE = YES;
				CLANG_WARN__DUPLICATE_METHOD_MATCH = YES;
				COPY_PHASE_STRIP = NO;
				DEBUG_INFORMATION_FORMAT = dwarf;
				ENABLE_STRICT_OBJC_MSGSEND = YES;
				ENABLE_TESTABILITY = YES;
				ENABLE_USER_SCRIPT_SANDBOXING = YES;
				GCC_C_LANGUAGE_STANDARD = gnu17;
				GCC_DYNAMIC_NO_PIC = NO;
				GCC_NO_COMMON_BLOCKS = YES;
				GCC_OPTIMIZATION_LEVEL = 0;
				GCC_PREPROCESSOR_DEFINITIONS = (
					"DEBUG=1",
					"$(inherited)",
				);
				GCC_WARN_64_TO_32_BIT_CONVERSION = YES;
				GCC_WARN_ABOUT_RETURN_TYPE = YES_ERROR;
				GCC_WARN_UNDECLARED_SELECTOR = YES;
				GCC_WARN_UNINITIALIZED_AUTOS = YES_AGGRESSIVE;
				GCC_WARN_UNUSED_FUNCTION = YES;
				GCC_WARN_UNUSED_VARIABLE = YES;
				LOCALIZATION_PREFERS_STRING_CATALOGS = YES;
				MACOSX_DEPLOYMENT_TARGET = 14.0;
				MTL_ENABLE_DEBUG_INFO = INCLUDE_SOURCE;
				MTL_FAST_MATH = YES;
				ONLY_ACTIVE_ARCH = YES;
				SDKROOT = macosx;
				SWIFT_ACTIVE_COMPILATION_CONDITIONS = "DEBUG $(inherited)";
				SWIFT_OPTIMIZATION_LEVEL = "-Onone";
			};
			name = Debug;
		};
		8A1B2C3D000C000000000002 /* Release */ = {
			isa = XCBuildConfiguration;
			buildSettings = {
				ALWAYS_SEARCH_USER_PATHS = NO;
				ASSETCATALOG_COMPILER_GENERATE_SWIFT_ASSET_SYMBOL_EXTENSIONS = YES;
				CLANG_ANALYZER_NONNULL = YES;
				CLANG_ANALYZER_NUMBER_OBJECT_CONVERSION = YES_AGGRESSIVE;
				CLANG_CXX_LANGUAGE_STANDARD = "gnu++20";
				CLANG_ENABLE_MODULES = YES;
				CLANG_ENABLE_OBJC_ARC = YES;
				CLANG_ENABLE_OBJC_WEAK = YES;
				CLANG_WARN_BLOCK_CAPTURE_AUTORELEASING = YES;
				CLANG_WARN_BOOL_CONVERSION = YES;
				CLANG_WARN_COMMA = YES;
				CLANG_WARN_CONSTANT_CONVERSION = YES;
				CLANG_WARN_DEPRECATED_OBJC_IMPLEMENTATIONS = YES;
				CLANG_WARN_DIRECT_OBJC_ISA_USAGE = YES_ERROR;
				CLANG_WARN_DOCUMENTATION_COMMENTS = YES;
				CLANG_WARN_EMPTY_BODY = YES;
				CLANG_WARN_ENUM_CONVERSION = YES;
				CLANG_WARN_INFINITE_RECURSION = YES;
				CLANG_WARN_INT_CONVERSION = YES;
				CLANG_WARN_NON_LITERAL_NULL_CONVERSION = YES;
				CLANG_WARN_OBJC_IMPLICIT_RETAIN_SELF = YES;
				CLANG_WARN_OBJC_LITERAL_CONVERSION = YES;
				CLANG_WARN_OBJC_ROOT_CLASS = YES_ERROR;
				CLANG_WARN_QUOTED_INCLUDE_IN_FRAMEWORK_HEADER = YES;
				CLANG_WARN_RANGE_LOOP_ANALYSIS = YES;
				CLANG_WARN_STRICT_PROTOTYPES = YES;
				CLANG_WARN_SUSPICIOUS_MOVE = YES;
				CLANG_WARN_UNGUARDED_AVAILABILITY = YES_AGGRESSIVE;
				CLANG_WARN_UNREACHABLE_CODE = YES;
				CLANG_WARN__DUPLICATE_METHOD_MATCH = YES;
				COPY_PHASE_STRIP = NO;
				DEBUG_INFORMATION_FORMAT = "dwarf-with-dsym";
				ENABLE_NS_ASSERTIONS = NO;
				ENABLE_STRICT_OBJC_MSGSEND = YES;
				ENABLE_USER_SCRIPT_SANDBOXING = YES;
				GCC_C_LANGUAGE_STANDARD = gnu17;
				GCC_NO_COMMON_BLOCKS = YES;
				GCC_WARN_64_TO_32_BIT_CONVERSION = YES;
				GCC_WARN_ABOUT_RETURN_TYPE = YES_ERROR;
				GCC_WARN_UNDECLARED_SELECTOR = YES;
				GCC_WARN_UNINITIALIZED_AUTOS = YES_AGGRESSIVE;
				GCC_WARN_UNUSED_FUNCTION = YES;
				GCC_WARN_UNUSED_VARIABLE = YES;
				LOCALIZATION_PREFERS_STRING_CATALOGS = YES;
				MACOSX_DEPLOYMENT_TARGET = 14.0;
				MTL_ENABLE_DEBUG_INFO = NO;
				MTL_FAST_MATH = YES;
				SDKROOT = macosx;
				SWIFT_COMPILATION_MODE = wholemodule;
			};
			name = Release;
		};
		8A1B2C3D000C000000000003 /* Debug */ = {
			isa = XCBuildConfiguration;
			buildSettings = {
				ASSETCATALOG_COMPILER_APPICON_NAME = AppIcon;
				ASSETCATALOG_COMPILER_GLOBAL_ACCENT_COLOR_NAME = AccentColor;
				CODE_SIGN_ENTITLEMENTS = MobCrew/MobCrew.entitlements;
				CODE_SIGN_STYLE = Automatic;
				COMBINE_HIDPI_IMAGES = YES;
				CURRENT_PROJECT_VERSION = 1;
				DEVELOPMENT_ASSET_PATHS = "";
				ENABLE_PREVIEWS = YES;
				GENERATE_INFOPLIST_FILE = YES;
				INFOPLIST_KEY_NSHumanReadableCopyright = "Copyright © 2026 Marius Colacioiu. All rights reserved.";
				INFOPLIST_KEY_NSPrincipalClass = NSApplication;
				LD_RUNPATH_SEARCH_PATHS = (
					"$(inherited)",
					"@executable_path/../Frameworks",
				);
				MARKETING_VERSION = 1.0;
				PRODUCT_BUNDLE_IDENTIFIER = com.colmarius.MobCrew;
				PRODUCT_NAME = "$(TARGET_NAME)";
				SWIFT_EMIT_LOC_STRINGS = YES;
				SWIFT_VERSION = 5.0;
			};
			name = Debug;
		};
		8A1B2C3D000C000000000004 /* Release */ = {
			isa = XCBuildConfiguration;
			buildSettings = {
				ASSETCATALOG_COMPILER_APPICON_NAME = AppIcon;
				ASSETCATALOG_COMPILER_GLOBAL_ACCENT_COLOR_NAME = AccentColor;
				CODE_SIGN_ENTITLEMENTS = MobCrew/MobCrew.entitlements;
				CODE_SIGN_STYLE = Automatic;
				COMBINE_HIDPI_IMAGES = YES;
				CURRENT_PROJECT_VERSION = 1;
				DEVELOPMENT_ASSET_PATHS = "";
				ENABLE_PREVIEWS = YES;
				GENERATE_INFOPLIST_FILE = YES;
				INFOPLIST_KEY_NSHumanReadableCopyright = "Copyright © 2026 Marius Colacioiu. All rights reserved.";
				INFOPLIST_KEY_NSPrincipalClass = NSApplication;
				LD_RUNPATH_SEARCH_PATHS = (
					"$(inherited)",
					"@executable_path/../Frameworks",
				);
				MARKETING_VERSION = 1.0;
				PRODUCT_BUNDLE_IDENTIFIER = com.colmarius.MobCrew;
				PRODUCT_NAME = "$(TARGET_NAME)";
				SWIFT_EMIT_LOC_STRINGS = YES;
				SWIFT_VERSION = 5.0;
			};
			name = Release;
		};
		8A1B2C3D000C000000000005 /* Debug */ = {
			isa = XCBuildConfiguration;
			buildSettings = {
				BUNDLE_LOADER = "$(TEST_HOST)";
				CODE_SIGN_STYLE = Automatic;
				CURRENT_PROJECT_VERSION = 1;
				GENERATE_INFOPLIST_FILE = YES;
				MACOSX_DEPLOYMENT_TARGET = 14.0;
				MARKETING_VERSION = 1.0;
				PRODUCT_BUNDLE_IDENTIFIER = com.colmarius.MobCrewTests;
				PRODUCT_NAME = "$(TARGET_NAME)";
				SWIFT_EMIT_LOC_STRINGS = NO;
				SWIFT_VERSION = 5.0;
				TEST_HOST = "$(BUILT_PRODUCTS_DIR)/MobCrew.app/$(BUNDLE_EXECUTABLE_FOLDER_PATH)/MobCrew";
			};
			name = Debug;
		};
		8A1B2C3D000C000000000006 /* Release */ = {
			isa = XCBuildConfiguration;
			buildSettings = {
				BUNDLE_LOADER = "$(TEST_HOST)";
				CODE_SIGN_STYLE = Automatic;
				CURRENT_PROJECT_VERSION = 1;
				GENERATE_INFOPLIST_FILE = YES;
				MACOSX_DEPLOYMENT_TARGET = 14.0;
				MARKETING_VERSION = 1.0;
				PRODUCT_BUNDLE_IDENTIFIER = com.colmarius.MobCrewTests;
				PRODUCT_NAME = "$(TARGET_NAME)";
				SWIFT_EMIT_LOC_STRINGS = NO;
				SWIFT_VERSION = 5.0;
				TEST_HOST = "$(BUILT_PRODUCTS_DIR)/MobCrew.app/$(BUNDLE_EXECUTABLE_FOLDER_PATH)/MobCrew";
			};
			name = Release;
		};
/* End XCBuildConfiguration section */

/* Begin XCConfigurationList section */
		8A1B2C3D0008000000000001 /* Build configuration list for PBXNativeTarget "MobCrew" */ = {
			isa = XCConfigurationList;
			buildConfigurations = (
				8A1B2C3D000C000000000003 /* Debug */,
				8A1B2C3D000C000000000004 /* Release */,
			);
			defaultConfigurationIsVisible = 0;
			defaultConfigurationName = Release;
		};
		8A1B2C3D0008000000000002 /* Build configuration list for PBXNativeTarget "MobCrewTests" */ = {
			isa = XCConfigurationList;
			buildConfigurations = (
				8A1B2C3D000C000000000005 /* Debug */,
				8A1B2C3D000C000000000006 /* Release */,
			);
			defaultConfigurationIsVisible = 0;
			defaultConfigurationName = Release;
		};
		8A1B2C3D0008000000000003 /* Build configuration list for PBXProject "MobCrew" */ = {
			isa = XCConfigurationList;
			buildConfigurations = (
				8A1B2C3D000C000000000001 /* Debug */,
				8A1B2C3D000C000000000002 /* Release */,
			);
			defaultConfigurationIsVisible = 0;
			defaultConfigurationName = Release;
		};
/* End XCConfigurationList section */
	};
	rootObject = 8A1B2C3D0004000000000001 /* Project object */;
}
